// !$*UTF8*$!
{
	archiveVersion = 1;
	classes = {
	};
	objectVersion = 48;
	objects = {

/* Begin PBXBuildFile section */
		442CA5A62070849700F4D25F /* AppDelegate.swift in Sources */ = {isa = PBXBuildFile; fileRef = 442CA5A52070849700F4D25F /* AppDelegate.swift */; };
		442CA5A82070849700F4D25F /* ViewController.swift in Sources */ = {isa = PBXBuildFile; fileRef = 442CA5A72070849700F4D25F /* ViewController.swift */; };
		442CA5AB2070849700F4D25F /* Main.storyboard in Resources */ = {isa = PBXBuildFile; fileRef = 442CA5A92070849700F4D25F /* Main.storyboard */; };
		442CA5AE2070849700F4D25F /* GitTesting.xcdatamodeld in Sources */ = {isa = PBXBuildFile; fileRef = 442CA5AC2070849700F4D25F /* GitTesting.xcdatamodeld */; };
		442CA5B02070849700F4D25F /* Assets.xcassets in Resources */ = {isa = PBXBuildFile; fileRef = 442CA5AF2070849700F4D25F /* Assets.xcassets */; };
		442CA5B32070849700F4D25F /* LaunchScreen.storyboard in Resources */ = {isa = PBXBuildFile; fileRef = 442CA5B12070849700F4D25F /* LaunchScreen.storyboard */; };
/* End PBXBuildFile section */

/* Begin PBXFileReference section */
		442CA5A22070849700F4D25F /* GitTesting.app */ = {isa = PBXFileReference; explicitFileType = wrapper.application; includeInIndex = 0; path = GitTesting.app; sourceTree = BUILT_PRODUCTS_DIR; };
		442CA5A52070849700F4D25F /* AppDelegate.swift */ = {isa = PBXFileReference; lastKnownFileType = sourcecode.swift; path = AppDelegate.swift; sourceTree = "<group>"; };
		442CA5A72070849700F4D25F /* ViewController.swift */ = {isa = PBXFileReference; lastKnownFileType = sourcecode.swift; path = ViewController.swift; sourceTree = "<group>"; };
		442CA5AA2070849700F4D25F /* Base */ = {isa = PBXFileReference; lastKnownFileType = file.storyboard; name = Base; path = Base.lproj/Main.storyboard; sourceTree = "<group>"; };
		442CA5AD2070849700F4D25F /* GitTesting.xcdatamodel */ = {isa = PBXFileReference; lastKnownFileType = wrapper.xcdatamodel; path = GitTesting.xcdatamodel; sourceTree = "<group>"; };
		442CA5AF2070849700F4D25F /* Assets.xcassets */ = {isa = PBXFileReference; lastKnownFileType = folder.assetcatalog; path = Assets.xcassets; sourceTree = "<group>"; };
		442CA5B22070849700F4D25F /* Base */ = {isa = PBXFileReference; lastKnownFileType = file.storyboard; name = Base; path = Base.lproj/LaunchScreen.storyboard; sourceTree = "<group>"; };
		442CA5B42070849700F4D25F /* Info.plist */ = {isa = PBXFileReference; lastKnownFileType = text.plist.xml; path = Info.plist; sourceTree = "<group>"; };
/* End PBXFileReference section */

/* Begin PBXFrameworksBuildPhase section */
		442CA59F2070849700F4D25F /* Frameworks */ = {
			isa = PBXFrameworksBuildPhase;
			buildActionMask = 2147483647;
			files = (
			);
			runOnlyForDeploymentPostprocessing = 0;
		};
/* End PBXFrameworksBuildPhase section */

/* Begin PBXGroup section */
		442CA5992070849700F4D25F = {
			isa = PBXGroup;
			children = (
				442CA5A42070849700F4D25F /* GitTesting */,
				442CA5A32070849700F4D25F /* Products */,
			);
			sourceTree = "<group>";
		};
		442CA5A32070849700F4D25F /* Products */ = {
			isa = PBXGroup;
			children = (
				442CA5A22070849700F4D25F /* GitTesting.app */,
			);
			name = Products;
			sourceTree = "<group>";
		};
		442CA5A42070849700F4D25F /* GitTesting */ = {
			isa = PBXGroup;
			children = (
				442CA5A52070849700F4D25F /* AppDelegate.swift */,
				442CA5A72070849700F4D25F /* ViewController.swift */,
				442CA5A92070849700F4D25F /* Main.storyboard */,
				442CA5AF2070849700F4D25F /* Assets.xcassets */,
				442CA5B12070849700F4D25F /* LaunchScreen.storyboard */,
				442CA5B42070849700F4D25F /* Info.plist */,
				442CA5AC2070849700F4D25F /* GitTesting.xcdatamodeld */,
			);
			path = GitTesting;
			sourceTree = "<group>";
		};
/* End PBXGroup section */

/* Begin PBXNativeTarget section */
		442CA5A12070849700F4D25F /* GitTesting */ = {
			isa = PBXNativeTarget;
			buildConfigurationList = 442CA5B72070849700F4D25F /* Build configuration list for PBXNativeTarget "GitTesting" */;
			buildPhases = (
				442CA59E2070849700F4D25F /* Sources */,
				442CA59F2070849700F4D25F /* Frameworks */,
				442CA5A02070849700F4D25F /* Resources */,
			);
			buildRules = (
			);
			dependencies = (
			);
			name = GitTesting;
			productName = GitTesting;
			productReference = 442CA5A22070849700F4D25F /* GitTesting.app */;
			productType = "com.apple.product-type.application";
		};
/* End PBXNativeTarget section */

/* Begin PBXProject section */
		442CA59A2070849700F4D25F /* Project object */ = {
			isa = PBXProject;
			attributes = {
				LastSwiftUpdateCheck = 0920;
				LastUpgradeCheck = 0920;
				ORGANIZATIONNAME = Harpreet;
				TargetAttributes = {
					442CA5A12070849700F4D25F = {
						CreatedOnToolsVersion = 9.2;
						ProvisioningStyle = Automatic;
					};
				};
			};
			buildConfigurationList = 442CA59D2070849700F4D25F /* Build configuration list for PBXProject "GitTesting" */;
			compatibilityVersion = "Xcode 8.0";
			developmentRegion = en;
			hasScannedForEncodings = 0;
			knownRegions = (
				en,
				Base,
			);
			mainGroup = 442CA5992070849700F4D25F;
			productRefGroup = 442CA5A32070849700F4D25F /* Products */;
			projectDirPath = "";
			projectRoot = "";
			targets = (
				442CA5A12070849700F4D25F /* GitTesting */,
			);
		};
/* End PBXProject section */

/* Begin PBXResourcesBuildPhase section */
		442CA5A02070849700F4D25F /* Resources */ = {
			isa = PBXResourcesBuildPhase;
			buildActionMask = 2147483647;
			files = (
				442CA5B32070849700F4D25F /* LaunchScreen.storyboard in Resources */,
				442CA5B02070849700F4D25F /* Assets.xcassets in Resources */,
				442CA5AB2070849700F4D25F /* Main.storyboard in Resources */,
			);
			runOnlyForDeploymentPostprocessing = 0;
		};
/* End PBXResourcesBuildPhase section */

/* Begin PBXSourcesBuildPhase section */
		442CA59E2070849700F4D25F /* Sources */ = {
			isa = PBXSourcesBuildPhase;
			buildActionMask = 2147483647;
			files = (
				442CA5AE2070849700F4D25F /* GitTesting.xcdatamodeld in Sources */,
				442CA5A82070849700F4D25F /* ViewController.swift in Sources */,
				442CA5A62070849700F4D25F /* AppDelegate.swift in Sources */,
			);
			runOnlyForDeploymentPostprocessing = 0;
		};
/* End PBXSourcesBuildPhase section */

/* Begin PBXVariantGroup section */
		442CA5A92070849700F4D25F /* Main.storyboard */ = {
			isa = PBXVariantGroup;
			children = (
				442CA5AA2070849700F4D25F /* Base */,
			);
			name = Main.storyboard;
			sourceTree = "<group>";
		};
		442CA5B12070849700F4D25F /* LaunchScreen.storyboard */ = {
			isa = PBXVariantGroup;
			children = (
				442CA5B22070849700F4D25F /* Base */,
			);
			name = LaunchScreen.storyboard;
			sourceTree = "<group>";
		};
/* End PBXVariantGroup section */

/* Begin XCBuildConfiguration section */
		442CA5B52070849700F4D25F /* Debug */ = {
			isa = XCBuildConfiguration;
			buildSettings = {
				ALWAYS_SEARCH_USER_PATHS = NO;
				CLANG_ANALYZER_NONNULL = YES;
				CLANG_ANALYZER_NUMBER_OBJECT_CONVERSION = YES_AGGRESSIVE;
				CLANG_CXX_LANGUAGE_STANDARD = "gnu++14";
				CLANG_CXX_LIBRARY = "libc++";
				CLANG_ENABLE_MODULES = YES;
				CLANG_ENABLE_OBJC_ARC = YES;
				CLANG_WARN_BLOCK_CAPTURE_AUTORELEASING = YES;
				CLANG_WARN_BOOL_CONVERSION = YES;
				CLANG_WARN_COMMA = YES;
				CLANG_WARN_CONSTANT_CONVERSION = YES;
				CLANG_WARN_DIRECT_OBJC_ISA_USAGE = YES_ERROR;
				CLANG_WARN_DOCUMENTATION_COMMENTS = YES;
				CLANG_WARN_EMPTY_BODY = YES;
				CLANG_WARN_ENUM_CONVERSION = YES;
				CLANG_WARN_INFINITE_RECURSION = YES;
				CLANG_WARN_INT_CONVERSION = YES;
				CLANG_WARN_NON_LITERAL_NULL_CONVERSION = YES;
				CLANG_WARN_OBJC_LITERAL_CONVERSION = YES;
				CLANG_WARN_OBJC_ROOT_CLASS = YES_ERROR;
				CLANG_WARN_RANGE_LOOP_ANALYSIS = YES;
				CLANG_WARN_STRICT_PROTOTYPES = YES;
				CLANG_WARN_SUSPICIOUS_MOVE = YES;
				CLANG_WARN_UNGUARDED_AVAILABILITY = YES_AGGRESSIVE;
				CLANG_WARN_UNREACHABLE_CODE = YES;
				CLANG_WARN__DUPLICATE_METHOD_MATCH = YES;
				CODE_SIGN_IDENTITY = "iPhone Developer";
				COPY_PHASE_STRIP = NO;
				DEBUG_INFORMATION_FORMAT = dwarf;
				ENABLE_STRICT_OBJC_MSGSEND = YES;
				ENABLE_TESTABILITY = YES;
				GCC_C_LANGUAGE_STANDARD = gnu11;
				GCC_DYNAMIC_NO_PIC = NO;
				GCC_NO_COMMON_BLOCKS = YES;
				GCC_OPTIMIZATION_LEVEL = 0;
				GCC_PREPROCESSOR_DEFINITIONS = (
					"DEBUG=1",
					"$(inherited)",
				);
				GCC_WARN_64_TO_32_BIT_CONVERSION = YES;
				GCC_WARN_ABOUT_RETURN_TYPE = YES_ERROR;
				GCC_WARN_UNDECLARED_SELECTOR = YES;
				GCC_WARN_UNINITIALIZED_AUTOS = YES_AGGRESSIVE;
				GCC_WARN_UNUSED_FUNCTION = YES;
				GCC_WARN_UNUSED_VARIABLE = YES;
				IPHONEOS_DEPLOYMENT_TARGET = 11.2;
				MTL_ENABLE_DEBUG_INFO = YES;
				ONLY_ACTIVE_ARCH = YES;
				SDKROOT = iphoneos;
				SWIFT_ACTIVE_COMPILATION_CONDITIONS = DEBUG;
				SWIFT_OPTIMIZATION_LEVEL = "-Onone";
			};
			name = Debug;
		};
		442CA5B62070849700F4D25F /* Release */ = {
			isa = XCBuildConfiguration;
			buildSettings = {
				ALWAYS_SEARCH_USER_PATHS = NO;
				CLANG_ANALYZER_NONNULL = YES;
				CLANG_ANALYZER_NUMBER_OBJECT_CONVERSION = YES_AGGRESSIVE;
				CLANG_CXX_LANGUAGE_STANDARD = "gnu++14";
				CLANG_CXX_LIBRARY = "libc++";
				CLANG_ENABLE_MODULES = YES;
				CLANG_ENABLE_OBJC_ARC = YES;
				CLANG_WARN_BLOCK_CAPTURE_AUTORELEASING = YES;
				CLANG_WARN_BOOL_CONVERSION = YES;
				CLANG_WARN_COMMA = YES;
				CLANG_WARN_CONSTANT_CONVERSION = YES;
				CLANG_WARN_DIRECT_OBJC_ISA_USAGE = YES_ERROR;
				CLANG_WARN_DOCUMENTATION_COMMENTS = YES;
				CLANG_WARN_EMPTY_BODY = YES;
				CLANG_WARN_ENUM_CONVERSION = YES;
				CLANG_WARN_INFINITE_RECURSION = YES;
				CLANG_WARN_INT_CONVERSION = YES;
				CLANG_WARN_NON_LITERAL_NULL_CONVERSION = YES;
				CLANG_WARN_OBJC_LITERAL_CONVERSION = YES;
				CLANG_WARN_OBJC_ROOT_CLASS = YES_ERROR;
				CLANG_WARN_RANGE_LOOP_ANALYSIS = YES;
				CLANG_WARN_STRICT_PROTOTYPES = YES;
				CLANG_WARN_SUSPICIOUS_MOVE = YES;
				CLANG_WARN_UNGUARDED_AVAILABILITY = YES_AGGRESSIVE;
				CLANG_WARN_UNREACHABLE_CODE = YES;
				CLANG_WARN__DUPLICATE_METHOD_MATCH = YES;
				CODE_SIGN_IDENTITY = "iPhone Developer";
				COPY_PHASE_STRIP = NO;
				DEBUG_INFORMATION_FORMAT = "dwarf-with-dsym";
				ENABLE_NS_ASSERTIONS = NO;
				ENABLE_STRICT_OBJC_MSGSEND = YES;
				GCC_C_LANGUAGE_STANDARD = gnu11;
				GCC_NO_COMMON_BLOCKS = YES;
				GCC_WARN_64_TO_32_BIT_CONVERSION = YES;
				GCC_WARN_ABOUT_RETURN_TYPE = YES_ERROR;
				GCC_WARN_UNDECLARED_SELECTOR = YES;
				GCC_WARN_UNINITIALIZED_AUTOS = YES_AGGRESSIVE;
				GCC_WARN_UNUSED_FUNCTION = YES;
				GCC_WARN_UNUSED_VARIABLE = YES;
				IPHONEOS_DEPLOYMENT_TARGET = 11.2;
				MTL_ENABLE_DEBUG_INFO = NO;
				SDKROOT = iphoneos;
				SWIFT_OPTIMIZATION_LEVEL = "-Owholemodule";
				VALIDATE_PRODUCT = YES;
			};
			name = Release;
		};
		442CA5B82070849700F4D25F /* Debug */ = {
			isa = XCBuildConfiguration;
			buildSettings = {
				ASSETCATALOG_COMPILER_APPICON_NAME = AppIcon;
				CODE_SIGN_STYLE = Automatic;
				INFOPLIST_FILE = GitTesting/Info.plist;
				LD_RUNPATH_SEARCH_PATHS = "$(inherited) @executable_path/Frameworks";
				PRODUCT_BUNDLE_IDENTIFIER = com.abc.def.GitTesting;
				PRODUCT_NAME = "$(TARGET_NAME)";
				SWIFT_VERSION = 4.0;
				TARGETED_DEVICE_FAMILY = "1,2";
			};
			name = Debug;
		};
		442CA5B92070849700F4D25F /* Release */ = {
			isa = XCBuildConfiguration;
			buildSettings = {
				ASSETCATALOG_COMPILER_APPICON_NAME = AppIcon;
				CODE_SIGN_STYLE = Automatic;
				INFOPLIST_FILE = GitTesting/Info.plist;
				LD_RUNPATH_SEARCH_PATHS = "$(inherited) @executable_path/Frameworks";
				PRODUCT_BUNDLE_IDENTIFIER = com.abc.def.GitTesting;
				PRODUCT_NAME = "$(TARGET_NAME)";
				SWIFT_VERSION = 4.0;
				TARGETED_DEVICE_FAMILY = "1,2";
			};
			name = Release;
		};
/* End XCBuildConfiguration section */

/* Begin XCConfigurationList section */
		442CA59D2070849700F4D25F /* Build configuration list for PBXProject "GitTesting" */ = {
			isa = XCConfigurationList;
			buildConfigurations = (
				442CA5B52070849700F4D25F /* Debug */,
				442CA5B62070849700F4D25F /* Release */,
			);
			defaultConfigurationIsVisible = 0;
			defaultConfigurationName = Release;
		};
		442CA5B72070849700F4D25F /* Build configuration list for PBXNativeTarget "GitTesting" */ = {
			isa = XCConfigurationList;
			buildConfigurations = (
				442CA5B82070849700F4D25F /* Debug */,
				442CA5B92070849700F4D25F /* Release */,
			);
			defaultConfigurationIsVisible = 0;
			defaultConfigurationName = Release;
		};
/* End XCConfigurationList section */

/* Begin XCVersionGroup section */
		442CA5AC2070849700F4D25F /* GitTesting.xcdatamodeld */ = {
			isa = XCVersionGroup;
			children = (
				442CA5AD2070849700F4D25F /* GitTesting.xcdatamodel */,
			);
			currentVersion = 442CA5AD2070849700F4D25F /* GitTesting.xcdatamodel */;
			path = GitTesting.xcdatamodeld;
			sourceTree = "<group>";
			versionGroupType = wrapper.xcdatamodel;
		};
/* End XCVersionGroup section */
	};
	rootObject = 442CA59A2070849700F4D25F /* Project object */;
}
